# This is a Gradle generated file for dependency locking.
# Manual edits can break the build and are not advised.
# This file is expected to be part of source control.
ch.qos.logback:logback-classic:1.2.3=compileClasspath,compileProtoPath,implementationDependenciesMetadata,runtimeClasspath,testCompileClasspath,testCompileProtoPath,testImplementationDependenciesMetadata,testRuntimeClasspath
ch.qos.logback:logback-core:1.2.3=compileClasspath,compileProtoPath,implementationDependenciesMetadata,runtimeClasspath,testCompileClasspath,testCompileProtoPath,testImplementationDependenciesMetadata,testRuntimeClasspath
com.github.ajalt:colormath:1.2.0=testCompileClasspath,testCompileProtoPath,testRuntimeClasspath
com.github.ajalt:mordant:1.2.1=testCompileClasspath,testCompileProtoPath,testRuntimeClasspath
com.github.curious-odd-man:rgxgen:1.3=testCompileProtoPath,testRuntimeClasspath
com.github.shyiko.klob:klob:0.2.1=spotless-1972456287
com.google.android:annotations:4.1.1.4=compileProtoPath,runtimeClasspath,testCompileProtoPath,testRuntimeClasspath
com.google.api.grpc:proto-google-common-protos:2.0.1=compileClasspath,compileProtoPath,implementationDependenciesMetadata,runtimeClasspath,testCompileClasspath,testCompileProtoPath,testImplementationDependenciesMetadata,testRuntimeClasspath
com.google.code.findbugs:jsr305:3.0.2=compileClasspath,compileProtoPath,implementationDependenciesMetadata,runtimeClasspath,runtimeOnlyDependenciesMetadata,testCompileClasspath,testCompileProtoPath,testImplementationDependenciesMetadata,testRuntimeClasspath,testRuntimeOnlyDependenciesMetadata
com.google.code.gson:gson:2.8.9=compileProtoPath,runtimeClasspath,testCompileProtoPath,testRuntimeClasspath
com.google.errorprone:error_prone_annotations:2.5.1=compileClasspath,implementationDependenciesMetadata,testCompileClasspath,testImplementationDependenciesMetadata
com.google.errorprone:error_prone_annotations:2.9.0=compileProtoPath,runtimeClasspath,testCompileProtoPath,testRuntimeClasspath
com.google.guava:failureaccess:1.0.1=compileClasspath,compileProtoPath,implementationDependenciesMetadata,runtimeClasspath,testCompileClasspath,testCompileProtoPath,testImplementationDependenciesMetadata,testRuntimeClasspath
com.google.guava:guava:30.1.1-android=compileClasspath,compileProtoPath,implementationDependenciesMetadata,runtimeClasspath,testCompileClasspath,testCompileProtoPath,testImplementationDependenciesMetadata,testRuntimeClasspath
com.google.guava:listenablefuture:9999.0-empty-to-avoid-conflict-with-guava=compileClasspath,compileProtoPath,implementationDependenciesMetadata,runtimeClasspath,testCompileClasspath,testCompileProtoPath,testImplementationDependenciesMetadata,testRuntimeClasspath
com.google.j2objc:j2objc-annotations:1.3=compileClasspath,compileProtoPath,implementationDependenciesMetadata,runtimeClasspath,testCompileClasspath,testCompileProtoPath,testImplementationDependenciesMetadata,testRuntimeClasspath
com.google.protobuf:protobuf-java-util:3.19.2=compileProtoPath,runtimeClasspath,testCompileProtoPath,testRuntimeClasspath
com.google.protobuf:protobuf-java:3.19.4=compileClasspath,compileProtoPath,implementationDependenciesMetadata,runtimeClasspath,testCompileClasspath,testCompileProtoPath,testImplementationDependenciesMetadata,testRuntimeClasspath
com.google.protobuf:protobuf-kotlin:3.19.4=compileClasspath,compileProtoPath,implementationDependenciesMetadata,runtimeClasspath,testCompileClasspath,testCompileProtoPath,testImplementationDependenciesMetadata,testRuntimeClasspath
com.google.protobuf:protoc:3.19.4=protobufToolsLocator_protoc
com.h2database:h2:2.1.210=testCompileClasspath,testCompileProtoPath,testImplementationDependenciesMetadata,testRuntimeClasspath
com.pinterest.ktlint:ktlint-core:0.43.2=spotless-1972456287
com.pinterest.ktlint:ktlint-reporter-baseline:0.43.2=spotless-1972456287
com.pinterest.ktlint:ktlint-reporter-checkstyle:0.43.2=spotless-1972456287
com.pinterest.ktlint:ktlint-reporter-html:0.43.2=spotless-1972456287
com.pinterest.ktlint:ktlint-reporter-json:0.43.2=spotless-1972456287
com.pinterest.ktlint:ktlint-reporter-plain:0.43.2=spotless-1972456287
com.pinterest.ktlint:ktlint-reporter-sarif:0.43.2=spotless-1972456287
com.pinterest.ktlint:ktlint-ruleset-experimental:0.43.2=spotless-1972456287
com.pinterest.ktlint:ktlint-ruleset-standard:0.43.2=spotless-1972456287
com.pinterest.ktlint:ktlint-ruleset-test:0.43.2=spotless-1972456287
com.pinterest:ktlint:0.43.2=spotless-1972456287
commons-io:commons-io:2.11.0=testCompileProtoPath,testRuntimeClasspath
info.picocli:picocli:3.9.6=spotless-1972456287
info.picocli:picocli:4.6.3=liquibaseRuntime
io.github.cdimascio:dotenv-java:2.2.0=compileClasspath,compileProtoPath,implementationDependenciesMetadata,runtimeClasspath,testCompileClasspath,testCompileProtoPath,testImplementationDependenciesMetadata,testRuntimeClasspath
io.github.cdimascio:dotenv-kotlin:6.2.2=compileClasspath,compileProtoPath,implementationDependenciesMetadata,runtimeClasspath,testCompileClasspath,testCompileProtoPath,testImplementationDependenciesMetadata,testRuntimeClasspath
io.github.classgraph:classgraph:4.8.138=testCompileClasspath,testCompileProtoPath,testRuntimeClasspath
io.github.detekt.sarif4k:sarif4k:0.0.1=spotless-1972456287
io.github.java-diff-utils:java-diff-utils:4.11=testCompileProtoPath,testRuntimeClasspath
io.grpc:grpc-api:1.44.1=compileClasspath,compileProtoPath,implementationDependenciesMetadata,runtimeClasspath,runtimeOnlyDependenciesMetadata,testCompileClasspath,testCompileProtoPath,testImplementationDependenciesMetadata,testRuntimeClasspath,testRuntimeOnlyDependenciesMetadata
io.grpc:grpc-context:1.44.1=compileClasspath,compileProtoPath,implementationDependenciesMetadata,runtimeClasspath,runtimeOnlyDependenciesMetadata,testCompileClasspath,testCompileProtoPath,testImplementationDependenciesMetadata,testRuntimeClasspath,testRuntimeOnlyDependenciesMetadata
io.grpc:grpc-core:1.44.1=compileClasspath,compileProtoPath,implementationDependenciesMetadata,runtimeClasspath,runtimeOnlyDependenciesMetadata,testCompileClasspath,testCompileProtoPath,testImplementationDependenciesMetadata,testRuntimeClasspath,testRuntimeOnlyDependenciesMetadata
io.grpc:grpc-kotlin-stub:1.2.1=compileClasspath,compileProtoPath,implementationDependenciesMetadata,runtimeClasspath,testCompileClasspath,testCompileProtoPath,testImplementationDependenciesMetadata,testRuntimeClasspath
io.grpc:grpc-netty-shaded:1.44.1=runtimeClasspath,runtimeOnlyDependenciesMetadata,testRuntimeClasspath,testRuntimeOnlyDependenciesMetadata
io.grpc:grpc-protobuf-lite:1.44.1=compileClasspath,compileProtoPath,implementationDependenciesMetadata,runtimeClasspath,testCompileClasspath,testCompileProtoPath,testImplementationDependenciesMetadata,testRuntimeClasspath
io.grpc:grpc-protobuf:1.44.1=compileClasspath,compileProtoPath,implementationDependenciesMetadata,runtimeClasspath,testCompileClasspath,testCompileProtoPath,testImplementationDependenciesMetadata,testRuntimeClasspath
io.grpc:grpc-services:1.44.1=compileClasspath,compileProtoPath,implementationDependenciesMetadata,runtimeClasspath,testCompileClasspath,testCompileProtoPath,testImplementationDependenciesMetadata,testRuntimeClasspath
io.grpc:grpc-stub:1.44.1=compileClasspath,compileProtoPath,implementationDependenciesMetadata,runtimeClasspath,testCompileClasspath,testCompileProtoPath,testImplementationDependenciesMetadata,testRuntimeClasspath
io.grpc:grpc-testing:1.44.1=testCompileClasspath,testCompileProtoPath,testImplementationDependenciesMetadata,testRuntimeClasspath
io.grpc:protoc-gen-grpc-java:1.44.1=protobufToolsLocator_grpc-java
io.grpc:protoc-gen-grpc-kotlin:1.2.1=protobufToolsLocator_grpc-kotlin
io.kotest:kotest-assertions-api-jvm:5.1.0=testCompileClasspath,testCompileProtoPath,testRuntimeClasspath
io.kotest:kotest-assertions-api:5.1.0=testCompileClasspath,testCompileProtoPath,testImplementationDependenciesMetadata,testRuntimeClasspath
io.kotest:kotest-assertions-core-jvm:5.1.0=testCompileClasspath,testCompileProtoPath,testRuntimeClasspath
io.kotest:kotest-assertions-core:5.1.0=testCompileClasspath,testCompileProtoPath,testImplementationDependenciesMetadata,testRuntimeClasspath
io.kotest:kotest-assertions-shared-jvm:5.1.0=testCompileClasspath,testCompileProtoPath,testRuntimeClasspath
io.kotest:kotest-assertions-shared:5.1.0=testCompileClasspath,testCompileProtoPath,testImplementationDependenciesMetadata,testRuntimeClasspath
io.kotest:kotest-common-jvm:5.1.0=testCompileClasspath,testCompileProtoPath,testRuntimeClasspath
io.kotest:kotest-common:5.1.0=testCompileClasspath,testCompileProtoPath,testImplementationDependenciesMetadata,testRuntimeClasspath
io.kotest:kotest-extensions-jvm:5.1.0=testCompileClasspath,testCompileProtoPath,testRuntimeClasspath
io.kotest:kotest-extensions:5.1.0=testCompileClasspath,testCompileProtoPath,testRuntimeClasspath
io.kotest:kotest-framework-api-jvm:5.1.0=testCompileClasspath,testCompileProtoPath,testRuntimeClasspath
io.kotest:kotest-framework-api:5.1.0=testCompileClasspath,testCompileProtoPath,testRuntimeClasspath
io.kotest:kotest-framework-concurrency-jvm:5.1.0=testCompileClasspath,testCompileProtoPath,testRuntimeClasspath
io.kotest:kotest-framework-concurrency:5.1.0=testCompileClasspath,testCompileProtoPath,testRuntimeClasspath
io.kotest:kotest-framework-discovery-jvm:5.1.0=testCompileClasspath,testCompileProtoPath,testRuntimeClasspath
io.kotest:kotest-framework-discovery:5.1.0=testCompileClasspath,testCompileProtoPath,testRuntimeClasspath
io.kotest:kotest-framework-engine-jvm:5.1.0=testCompileClasspath,testCompileProtoPath,testRuntimeClasspath
io.kotest:kotest-framework-engine:5.1.0=testCompileClasspath,testCompileProtoPath,testRuntimeClasspath
io.kotest:kotest-property-jvm:5.1.0=testCompileClasspath,testCompileProtoPath,testRuntimeClasspath
io.kotest:kotest-property:5.1.0=testCompileClasspath,testCompileProtoPath,testImplementationDependenciesMetadata,testRuntimeClasspath
io.kotest:kotest-runner-junit5-jvm:5.1.0=testCompileClasspath,testCompileProtoPath,testRuntimeClasspath
io.kotest:kotest-runner-junit5:5.1.0=testCompileClasspath,testCompileProtoPath,testImplementationDependenciesMetadata,testRuntimeClasspath
io.mockk:mockk-agent-api:1.12.3=testCompileProtoPath,testRuntimeClasspath
io.mockk:mockk-agent-common:1.12.3=testCompileProtoPath,testRuntimeClasspath
io.mockk:mockk-agent-jvm:1.12.3=testCompileProtoPath,testRuntimeClasspath
io.mockk:mockk-common:1.12.3=testCompileClasspath,testCompileProtoPath,testImplementationDependenciesMetadata,testRuntimeClasspath
io.mockk:mockk-dsl-jvm:1.12.3=testCompileClasspath,testCompileProtoPath,testImplementationDependenciesMetadata,testRuntimeClasspath
io.mockk:mockk-dsl:1.12.3=testCompileClasspath,testCompileProtoPath,testImplementationDependenciesMetadata,testRuntimeClasspath
io.mockk:mockk:1.12.3=testCompileClasspath,testCompileProtoPath,testImplementationDependenciesMetadata,testRuntimeClasspath
io.opencensus:opencensus-api:0.28.0=testCompileProtoPath,testRuntimeClasspath
io.perfmark:perfmark-api:0.23.0=compileProtoPath,runtimeClasspath,testCompileProtoPath,testRuntimeClasspath
javax.annotation:javax.annotation-api:1.3.2=compileClasspath,compileProtoPath,implementationDependenciesMetadata,runtimeClasspath,testCompileClasspath,testCompileProtoPath,testImplementationDependenciesMetadata,testRuntimeClasspath
javax.xml.bind:jaxb-api:2.3.0=liquibaseRuntime
junit:junit:4.12=testCompileClasspath,testCompileProtoPath,testImplementationDependenciesMetadata,testRuntimeClasspath
net.bytebuddy:byte-buddy-agent:1.12.6=testCompileProtoPath,testRuntimeClasspath
net.bytebuddy:byte-buddy:1.12.6=testCompileProtoPath,testRuntimeClasspath
net.java.dev.jna:jna-platform:5.9.0=testCompileProtoPath,testRuntimeClasspath
net.java.dev.jna:jna:5.6.0=kotlinCompilerClasspath,kotlinKlibCommonizerClasspath
net.java.dev.jna:jna:5.9.0=testCompileProtoPath,testRuntimeClasspath
org.apiguardian:apiguardian-api:1.1.0=testCompileClasspath,testCompileProtoPath,testRuntimeClasspath
org.checkerframework:checker-compat-qual:2.5.5=compileClasspath,compileProtoPath,implementationDependenciesMetadata,runtimeClasspath,testCompileClasspath,testCompileProtoPath,testImplementationDependenciesMetadata,testRuntimeClasspath
org.checkerframework:checker-qual:3.5.0=compileProtoPath,liquibaseRuntime,runtimeClasspath,testCompileProtoPath,testRuntimeClasspath
org.codehaus.groovy:groovy-sql:2.4.12=liquibaseRuntime
org.codehaus.groovy:groovy:2.4.12=liquibaseRuntime
org.codehaus.mojo:animal-sniffer-annotations:1.19=compileProtoPath,runtimeClasspath,testCompileProtoPath,testRuntimeClasspath
org.ec4j.core:ec4j-core:0.3.0=spotless-1972456287
org.hamcrest:hamcrest-core:1.3=testCompileClasspath,testCompileProtoPath,testImplementationDependenciesMetadata,testRuntimeClasspath
org.jetbrains.exposed:exposed-core:0.37.3=compileClasspath,compileProtoPath,implementationDependenciesMetadata,runtimeClasspath,testCompileClasspath,testCompileProtoPath,testImplementationDependenciesMetadata,testRuntimeClasspath
org.jetbrains.exposed:exposed-dao:0.37.3=compileClasspath,compileProtoPath,implementationDependenciesMetadata,runtimeClasspath,testCompileClasspath,testCompileProtoPath,testImplementationDependenciesMetadata,testRuntimeClasspath
org.jetbrains.exposed:exposed-java-time:0.37.3=compileClasspath,compileProtoPath,implementationDependenciesMetadata,runtimeClasspath,testCompileClasspath,testCompileProtoPath,testImplementationDependenciesMetadata,testRuntimeClasspath
org.jetbrains.exposed:exposed-jdbc:0.37.3=compileClasspath,compileProtoPath,implementationDependenciesMetadata,runtimeClasspath,testCompileClasspath,testCompileProtoPath,testImplementationDependenciesMetadata,testRuntimeClasspath
org.jetbrains.intellij.deps:trove4j:1.0.20181211=spotless-1972456287
org.jetbrains.intellij.deps:trove4j:1.0.20200330=kotlinCompilerClasspath,kotlinKlibCommonizerClasspath
org.jetbrains.kotlin:kotlin-compiler-embeddable:1.5.31=spotless-1972456287
org.jetbrains.kotlin:kotlin-compiler-embeddable:1.6.21=kotlinCompilerClasspath,kotlinKlibCommonizerClasspath
org.jetbrains.kotlin:kotlin-daemon-embeddable:1.5.31=spotless-1972456287
org.jetbrains.kotlin:kotlin-daemon-embeddable:1.6.21=kotlinCompilerClasspath,kotlinKlibCommonizerClasspath
org.jetbrains.kotlin:kotlin-klib-commonizer-embeddable:1.6.21=kotlinKlibCommonizerClasspath
org.jetbrains.kotlin:kotlin-reflect:1.5.31=spotless-1972456287
org.jetbrains.kotlin:kotlin-reflect:1.6.10=compileClasspath,compileProtoPath,implementationDependenciesMetadata,runtimeClasspath,testCompileClasspath,testCompileProtoPath,testImplementationDependenciesMetadata,testRuntimeClasspath
org.jetbrains.kotlin:kotlin-reflect:1.6.21=kotlinCompilerClasspath,kotlinKlibCommonizerClasspath
org.jetbrains.kotlin:kotlin-script-runtime:1.5.31=spotless-1972456287
org.jetbrains.kotlin:kotlin-script-runtime:1.6.21=kotlinCompilerClasspath,kotlinCompilerPluginClasspathMain,kotlinCompilerPluginClasspathTest,kotlinKlibCommonizerClasspath
org.jetbrains.kotlin:kotlin-scripting-common:1.6.21=kotlinCompilerPluginClasspathMain,kotlinCompilerPluginClasspathTest
org.jetbrains.kotlin:kotlin-scripting-compiler-embeddable:1.6.21=kotlinCompilerPluginClasspathMain,kotlinCompilerPluginClasspathTest
org.jetbrains.kotlin:kotlin-scripting-compiler-impl-embeddable:1.6.21=kotlinCompilerPluginClasspathMain,kotlinCompilerPluginClasspathTest
org.jetbrains.kotlin:kotlin-scripting-jvm:1.6.21=kotlinCompilerPluginClasspathMain,kotlinCompilerPluginClasspathTest
org.jetbrains.kotlin:kotlin-stdlib-common:1.5.31=spotless-1972456287
org.jetbrains.kotlin:kotlin-stdlib-common:1.6.21=apiDependenciesMetadata,compileClasspath,compileProtoPath,implementationDependenciesMetadata,kotlinCompilerClasspath,kotlinCompilerPluginClasspathMain,kotlinCompilerPluginClasspathTest,kotlinKlibCommonizerClasspath,runtimeClasspath,testCompileClasspath,testCompileProtoPath,testImplementationDependenciesMetadata,testRuntimeClasspath
org.jetbrains.kotlin:kotlin-stdlib-jdk7:1.5.31=spotless-1972456287
org.jetbrains.kotlin:kotlin-stdlib-jdk7:1.6.21=apiDependenciesMetadata,compileClasspath,compileProtoPath,implementationDependenciesMetadata,runtimeClasspath,testCompileClasspath,testCompileProtoPath,testImplementationDependenciesMetadata,testRuntimeClasspath
org.jetbrains.kotlin:kotlin-stdlib-jdk8:1.5.31=spotless-1972456287
org.jetbrains.kotlin:kotlin-stdlib-jdk8:1.6.21=apiDependenciesMetadata,compileClasspath,compileProtoPath,implementationDependenciesMetadata,runtimeClasspath,testCompileClasspath,testCompileProtoPath,testImplementationDependenciesMetadata,testRuntimeClasspath
org.jetbrains.kotlin:kotlin-stdlib:1.5.31=spotless-1972456287
org.jetbrains.kotlin:kotlin-stdlib:1.6.21=apiDependenciesMetadata,compileClasspath,compileProtoPath,implementationDependenciesMetadata,kotlinCompilerClasspath,kotlinCompilerPluginClasspathMain,kotlinCompilerPluginClasspathTest,kotlinKlibCommonizerClasspath,runtimeClasspath,testCompileClasspath,testCompileProtoPath,testImplementationDependenciesMetadata,testRuntimeClasspath
org.jetbrains.kotlinx:atomicfu:0.17.0=implementationDependenciesMetadata,testImplementationDependenciesMetadata
org.jetbrains.kotlinx:kotlinx-coroutines-bom:1.6.0=compileClasspath,compileProtoPath,runtimeClasspath,testCompileClasspath,testCompileProtoPath,testRuntimeClasspath
org.jetbrains.kotlinx:kotlinx-coroutines-core-jvm:1.6.0=compileClasspath,compileProtoPath,runtimeClasspath,testCompileClasspath,testCompileProtoPath,testRuntimeClasspath
org.jetbrains.kotlinx:kotlinx-coroutines-core:1.6.0=compileClasspath,compileProtoPath,implementationDependenciesMetadata,runtimeClasspath,testCompileClasspath,testCompileProtoPath,testImplementationDependenciesMetadata,testRuntimeClasspath
org.jetbrains.kotlinx:kotlinx-coroutines-debug:1.6.0=testCompileProtoPath,testRuntimeClasspath
org.jetbrains.kotlinx:kotlinx-coroutines-jdk8:1.6.0=testCompileProtoPath,testRuntimeClasspath
org.jetbrains.kotlinx:kotlinx-coroutines-test-jvm:1.6.0=testCompileClasspath,testCompileProtoPath,testRuntimeClasspath
org.jetbrains.kotlinx:kotlinx-coroutines-test:1.6.0=testCompileClasspath,testCompileProtoPath,testRuntimeClasspath
org.jetbrains.kotlinx:kotlinx-serialization-core-jvm:1.1.0=spotless-1972456287
org.jetbrains.kotlinx:kotlinx-serialization-core:1.1.0=spotless-1972456287
org.jetbrains.kotlinx:kotlinx-serialization-json-jvm:1.1.0=spotless-1972456287
org.jetbrains.kotlinx:kotlinx-serialization-json:1.1.0=spotless-1972456287
org.jetbrains:annotations:13.0=apiDependenciesMetadata,compileClasspath,compileProtoPath,implementationDependenciesMetadata,kotlinCompilerClasspath,kotlinCompilerPluginClasspathMain,kotlinCompilerPluginClasspathTest,kotlinKlibCommonizerClasspath,runtimeClasspath,spotless-1972456287,testCompileClasspath,testCompileProtoPath,testImplementationDependenciesMetadata,testRuntimeClasspath
org.junit.jupiter:junit-jupiter-api:5.7.2=testCompileClasspath,testCompileProtoPath,testRuntimeClasspath
org.junit.platform:junit-platform-commons:1.7.2=testCompileClasspath,testCompileProtoPath,testRuntimeClasspath
org.junit.platform:junit-platform-engine:1.7.2=testCompileClasspath,testCompileProtoPath,testRuntimeClasspath
org.junit.platform:junit-platform-launcher:1.7.2=testCompileClasspath,testCompileProtoPath,testRuntimeClasspath
org.junit.platform:junit-platform-suite-api:1.7.2=testCompileClasspath,testCompileProtoPath,testRuntimeClasspath
org.junit:junit-bom:5.7.2=testCompileClasspath,testCompileProtoPath,testRuntimeClasspath
org.liquibase:liquibase-core:4.8.0=liquibaseRuntime
org.liquibase:liquibase-groovy-dsl:3.0.1=liquibaseRuntime
org.objenesis:objenesis:3.1=testCompileProtoPath,testRuntimeClasspath
org.opentest4j:opentest4j:1.2.0=testCompileClasspath,testCompileProtoPath,testRuntimeClasspath
org.postgresql:postgresql:42.3.3=compileClasspath,compileProtoPath,implementationDependenciesMetadata,liquibaseRuntime,runtimeClasspath,testCompileClasspath,testCompileProtoPath,testImplementationDependenciesMetadata,testRuntimeClasspath
org.slf4j:slf4j-api:1.7.25=compileClasspath,compileProtoPath,implementationDependenciesMetadata,runtimeClasspath,testCompileClasspath,testCompileProtoPath,testImplementationDependenciesMetadata,testRuntimeClasspath
empty=annotationProcessor,compileOnlyDependenciesMetadata,intransitiveDependenciesMetadata,kotlinCompilerPluginClasspath,kotlinNativeCompilerPluginClasspath,kotlinScriptDef,kotlinScriptDefExtensions,protobuf,testAnnotationProcessor,testApiDependenciesMetadata,testCompileOnlyDependenciesMetadata,testIntransitiveDependenciesMetadata,testKotlinScriptDef,testKotlinScriptDefExtensions,testProtobuf
